
Microsoft Visual Studio Solution File, Format Version 12.00
# Visual Studio Version 16
VisualStudioVersion = 16.0.30011.22
MinimumVisualStudioVersion = 10.0.40219.1
Project("{FAE04EC0-301F-11D3-BF4B-00C04F79EFBC}") = "Cyclomatic_Complexity", "Cyclomatic_Complexity\Cyclomatic_Complexity.csproj", "{06A50E5B-212C-4BAD-9527-8D42BA596438}"
EndProject
Project("{FAE04EC0-301F-11D3-BF4B-00C04F79EFBC}") = "Test_Cyclomatic_Complexity", "Test_Cyclomatic_Complexity\Test_Cyclomatic_Complexity.csproj", "{43191036-998C-428A-8B29-96CA8117DB31}"
EndProject
Global
	GlobalSection(SolutionConfigurationPlatforms) = preSolution
		Debug|Any CPU = Debug|Any CPU
		Release|Any CPU = Release|Any CPU
	EndGlobalSection
	GlobalSection(ProjectConfigurationPlatforms) = postSolution
		{06A50E5B-212C-4BAD-9527-8D42BA596438}.Debug|Any CPU.ActiveCfg = Debug|Any CPU
		{06A50E5B-212C-4BAD-9527-8D42BA596438}.Debug|Any CPU.Build.0 = Debug|Any CPU
		{06A50E5B-212C-4BAD-9527-8D42BA596438}.Release|Any CPU.ActiveCfg = Release|Any CPU
		{06A50E5B-212C-4BAD-9527-8D42BA596438}.Release|Any CPU.Build.0 = Release|Any CPU
		{43191036-998C-428A-8B29-96CA8117DB31}.Debug|Any CPU.ActiveCfg = Debug|Any CPU
		{43191036-998C-428A-8B29-96CA8117DB31}.Debug|Any CPU.Build.0 = Debug|Any CPU
		{43191036-998C-428A-8B29-96CA8117DB31}.Release|Any CPU.ActiveCfg = Release|Any CPU
		{43191036-998C-428A-8B29-96CA8117DB31}.Release|Any CPU.Build.0 = Release|Any CPU
	EndGlobalSection
	GlobalSection(SolutionProperties) = preSolution
		HideSolutionNode = FALSE
	EndGlobalSection
	GlobalSection(ExtensibilityGlobals) = postSolution
		SolutionGuid = {A0A7EDB5-2CBA-4D98-B366-53C63931F000}
	EndGlobalSection
EndGlobal
